{
  "requires": true,
  "lockfileVersion": 1,
  "dependencies": {
    "@nomiclabs/hardhat-waffle": {
      "version": "2.0.0",
      "resolved": "https://registry.npmjs.org/@nomiclabs/hardhat-waffle/-/hardhat-waffle-2.0.0.tgz",
      "integrity": "sha512-CnG9JC0rgqa68LTgyETxBUEWYAovvNGVs5abqaXjG80eF7iMLjDjM8IjOM87siAaxaxFCf6VBMJmtueqVq7jZw==",
      "dev": true,
      "requires": {
        "@types/sinon-chai": "^3.2.3",
        "@types/web3": "1.0.19"
      }
    },
    "@sinonjs/commons": {
      "version": "1.8.3",
      "resolved": "https://registry.npmjs.org/@sinonjs/commons/-/commons-1.8.3.tgz",
      "integrity": "sha512-xkNcLAn/wZaX14RPlwizcKicDk9G3F8m2nU3L7Ukm5zBgTwiT0wsoFAHx9Jq56fJA1z/7uKGtCRu16sOUCLIHQ==",
      "dev": true,
      "requires": {
        "type-detect": "4.0.8"
      }
    },
    "@sinonjs/fake-timers": {
      "version": "7.1.2",
      "resolved": "https://registry.npmjs.org/@sinonjs/fake-timers/-/fake-timers-7.1.2.tgz",
      "integrity": "sha512-iQADsW4LBMISqZ6Ci1dupJL9pprqwcVFTcOsEmQOEhW+KLCVn/Y4Jrvg2k19fIHCp+iFprriYPTdRcQR8NbUPg==",
      "dev": true,
      "requires": {
        "@sinonjs/commons": "^1.7.0"
      }
    },
    "@types/bn.js": {
      "version": "5.1.0",
      "resolved": "https://registry.npmjs.org/@types/bn.js/-/bn.js-5.1.0.tgz",
      "integrity": "sha512-QSSVYj7pYFN49kW77o2s9xTCwZ8F2xLbjLLSEVh8D2F4JUhZtPAGOFLTD+ffqksBx/u4cE/KImFjyhqCjn/LIA==",
      "dev": true,
      "requires": {
        "@types/node": "*"
      }
    },
    "@types/chai": {
      "version": "4.3.0",
      "resolved": "https://registry.npmjs.org/@types/chai/-/chai-4.3.0.tgz",
      "integrity": "sha512-/ceqdqeRraGolFTcfoXNiqjyQhZzbINDngeoAq9GoHa8PPK1yNzTaxWjA6BFWp5Ua9JpXEMSS4s5i9tS0hOJtw==",
      "dev": true
    },
    "@types/node": {
      "version": "17.0.10",
      "resolved": "https://registry.npmjs.org/@types/node/-/node-17.0.10.tgz",
      "integrity": "sha512-S/3xB4KzyFxYGCppyDt68yzBU9ysL88lSdIah4D6cptdcltc4NCPCAMc0+PCpg/lLIyC7IPvj2Z52OJWeIUkog==",
      "dev": true
    },
    "@types/sinon": {
      "version": "10.0.8",
      "resolved": "https://registry.npmjs.org/@types/sinon/-/sinon-10.0.8.tgz",
      "integrity": "sha512-XZbSLlox2KM7VaEJPZ5G/fMZXJNuAtYiFOax7UT51quZMAJRWKvugPMqNA0mV3jC9HIYpQSg6qbV+ilQMwLqyA==",
      "dev": true,
      "requires": {
        "@sinonjs/fake-timers": "^7.1.0"
      }
    },
    "@types/sinon-chai": {
      "version": "3.2.8",
      "resolved": "https://registry.npmjs.org/@types/sinon-chai/-/sinon-chai-3.2.8.tgz",
      "integrity": "sha512-d4ImIQbT/rKMG8+AXpmcan5T2/PNeSjrYhvkwet6z0p8kzYtfgA32xzOBlbU0yqJfq+/0Ml805iFoODO0LP5/g==",
      "dev": true,
      "requires": {
        "@types/chai": "*",
        "@types/sinon": "*"
      }
    },
    "@types/underscore": {
      "version": "1.11.4",
      "resolved": "https://registry.npmjs.org/@types/underscore/-/underscore-1.11.4.tgz",
      "integrity": "sha512-uO4CD2ELOjw8tasUrAhvnn2W4A0ZECOvMjCivJr4gA9pGgjv+qxKWY9GLTMVEK8ej85BxQOocUyE7hImmSQYcg==",
      "dev": true
    },
    "@types/web3": {
      "version": "1.0.19",
      "resolved": "https://registry.npmjs.org/@types/web3/-/web3-1.0.19.tgz",
      "integrity": "sha512-fhZ9DyvDYDwHZUp5/STa9XW2re0E8GxoioYJ4pEUZ13YHpApSagixj7IAdoYH5uAK+UalGq6Ml8LYzmgRA/q+A==",
      "dev": true,
      "requires": {
        "@types/bn.js": "*",
        "@types/underscore": "*"
      }
    },
    "type-detect": {
      "version": "4.0.8",
      "resolved": "https://registry.npmjs.org/type-detect/-/type-detect-4.0.8.tgz",
      "integrity": "sha512-0fr/mIH1dlO+x7TlcMy+bIDqKPsw/70tVyeHW787goQjhmqaZe10uwLujubK9q9Lg6Fiho1KUKDYz0Z7k7g5/g==",
      "dev": true
    }
  }
}
